
Microsoft Visual Studio Solution File, Format Version 12.00
# Visual Studio Version 17
VisualStudioVersion = 17.13.35913.81 d17.13
MinimumVisualStudioVersion = 10.0.40219.1
Project("{54A90642-561A-4BB1-A94E-469ADEE60C69}") = "AngularGithubPagesTest", "AngularGithubPagesTest.esproj", "{F6AB7EA2-4B82-7D2E-3BBF-72B8EAB39D3B}"
EndProject
Global
	GlobalSection(SolutionConfigurationPlatforms) = preSolution
		Debug|Any CPU = Debug|Any CPU
		Release|Any CPU = Release|Any CPU
	EndGlobalSection
	GlobalSection(ProjectConfigurationPlatforms) = postSolution
		{F6AB7EA2-4B82-7D2E-3BBF-72B8EAB39D3B}.Debug|Any CPU.ActiveCfg = Debug|Any CPU
		{F6AB7EA2-4B82-7D2E-3BBF-72B8EAB39D3B}.Debug|Any CPU.Build.0 = Debug|Any CPU
		{F6AB7EA2-4B82-7D2E-3BBF-72B8EAB39D3B}.Debug|Any CPU.Deploy.0 = Debug|Any CPU
		{F6AB7EA2-4B82-7D2E-3BBF-72B8EAB39D3B}.Release|Any CPU.ActiveCfg = Release|Any CPU
		{F6AB7EA2-4B82-7D2E-3BBF-72B8EAB39D3B}.Release|Any CPU.Build.0 = Release|Any CPU
		{F6AB7EA2-4B82-7D2E-3BBF-72B8EAB39D3B}.Release|Any CPU.Deploy.0 = Release|Any CPU
	EndGlobalSection
	GlobalSection(SolutionProperties) = preSolution
		HideSolutionNode = FALSE
	EndGlobalSection
	GlobalSection(ExtensibilityGlobals) = postSolution
		SolutionGuid = {8215C71F-CF57-401D-80AA-C715B8499321}
	EndGlobalSection
EndGlobal
